{
  "name": "webspaceapp4_to_4_1",
  "version": "1.0.0",
  "lockfileVersion": 1,
  "requires": true,
  "dependencies": {
    "@algolia/autocomplete-theme-classic": {
      "version": "1.1.0",
      "resolved": "https://registry.npmjs.org/@algolia/autocomplete-theme-classic/-/autocomplete-theme-classic-1.1.0.tgz",
      "integrity": "sha512-usbOwwPydJEzUlMjLAip/CtMqKy2PzsnhkFfWoBPBr9I74uBNYa4+NJBg0b31KmNLSUH0nWFlhiIKwNBjoMTzg=="
    },
    "autocomplete.js": {
      "version": "0.38.0",
      "resolved": "https://registry.npmjs.org/autocomplete.js/-/autocomplete.js-0.38.0.tgz",
      "integrity": "sha512-xZlqbg0LN9D1cZd4TkPJmir/Bq0+xXnp35X6i87yU2dD2wYv9E7pVU1+QKu0PbBVV2dShppwlKGMsfCYQD9OtA==",
      "requires": {
        "immediate": "^3.2.3"
      }
    },
    "immediate": {
      "version": "3.3.0",
      "resolved": "https://registry.npmjs.org/immediate/-/immediate-3.3.0.tgz",
      "integrity": "sha512-HR7EVodfFUdQCTIeySw+WDRFJlPcLOJbXfwwZ7Oom6tjsvZ3bOkCDJHehQC3nxJrv7+f9XecwazynjU8e4Vw3Q=="
    }
  }
}
